
Microsoft Visual Studio Solution File, Format Version 12.00
# Visual Studio Version 17
VisualStudioVersion = 17.0.31903.59
MinimumVisualStudioVersion = 10.0.40219.1
Project("{2150E333-8FDC-42A3-9474-1A3956D46DE8}") = "src", "src", "{827E0CD3-B72D-47B6-A68D-7590B98EB39B}"
EndProject
Project("{2150E333-8FDC-42A3-9474-1A3956D46DE8}") = "BuildingBlocks", "BuildingBlocks", "{90298CBA-BD6F-3A0A-69D5-97CAD7B05E7E}"
EndProject
Project("{FAE04EC0-301F-11D3-BF4B-00C04F79EFBC}") = "iERP.Application.Abstractions", "src\BuildingBlocks\iERP.Application.Abstractions\iERP.Application.Abstractions.csproj", "{B0738610-DABD-4B07-A0AB-B65124B3364E}"
EndProject
Project("{FAE04EC0-301F-11D3-BF4B-00C04F79EFBC}") = "iERP.Infrastructure", "src\BuildingBlocks\iERP.Infrastructure\iERP.Infrastructure.csproj", "{C21A92ED-1C49-4D20-8992-349A15682958}"
EndProject
Project("{FAE04EC0-301F-11D3-BF4B-00C04F79EFBC}") = "iERP.SharedKernel", "src\BuildingBlocks\iERP.SharedKernel\iERP.SharedKernel.csproj", "{25017D91-9964-41C3-B995-05AADF21DB96}"
EndProject
Project("{FAE04EC0-301F-11D3-BF4B-00C04F79EFBC}") = "iERP.Api", "src\iERP.Api\iERP.Api.csproj", "{3E95B5E7-B415-4939-B1DE-699CE46A3FC7}"
EndProject
Project("{FAE04EC0-301F-11D3-BF4B-00C04F79EFBC}") = "iERP.Migrations", "src\iERP.Migrations\iERP.Migrations.csproj", "{D078AF9B-F32A-4F7F-9AA3-481A975AC274}"
EndProject
Project("{FAE04EC0-301F-11D3-BF4B-00C04F79EFBC}") = "iERP.Worker", "src\iERP.Worker\iERP.Worker.csproj", "{465384CA-EFE9-4D4D-BFDC-0181F8F4881C}"
EndProject
Project("{2150E333-8FDC-42A3-9474-1A3956D46DE8}") = "Modules", "Modules", "{EC447DCF-ABFA-6E24-52A5-D7FD48A5C558}"
EndProject
Project("{2150E333-8FDC-42A3-9474-1A3956D46DE8}") = "AI", "AI", "{BB1D8860-8311-E62E-D03C-503AF4A8C141}"
EndProject
Project("{FAE04EC0-301F-11D3-BF4B-00C04F79EFBC}") = "iERP.Modules.AI", "src\Modules\AI\iERP.Modules.AI\iERP.Modules.AI.csproj", "{1A9BA6FA-51D8-4E19-A18B-5AEE754FB1A7}"
EndProject
Project("{2150E333-8FDC-42A3-9474-1A3956D46DE8}") = "Assets", "Assets", "{460CB7B7-C5C9-9675-4379-9D34558060EC}"
EndProject
Project("{FAE04EC0-301F-11D3-BF4B-00C04F79EFBC}") = "iERP.Modules.Assets", "src\Modules\Assets\iERP.Modules.Assets\iERP.Modules.Assets.csproj", "{6B032817-17E2-4A59-ADF3-1126649E9801}"
EndProject
Project("{2150E333-8FDC-42A3-9474-1A3956D46DE8}") = "Banking", "Banking", "{B97CEE7C-0792-58DB-794B-03C799B98A84}"
EndProject
Project("{FAE04EC0-301F-11D3-BF4B-00C04F79EFBC}") = "iERP.Modules.Banking", "src\Modules\Banking\iERP.Modules.Banking\iERP.Modules.Banking.csproj", "{78DA6370-FC07-4FD2-8117-F0EEC3DFC8EE}"
EndProject
Project("{2150E333-8FDC-42A3-9474-1A3956D46DE8}") = "Catalog", "Catalog", "{1E1EF545-4C18-AEE2-B997-7EF431518D3F}"
EndProject
Project("{FAE04EC0-301F-11D3-BF4B-00C04F79EFBC}") = "iERP.Modules.Catalog", "src\Modules\Catalog\iERP.Modules.Catalog\iERP.Modules.Catalog.csproj", "{DD17CFDB-A492-411B-BF5A-0D2173773F94}"
EndProject
Project("{2150E333-8FDC-42A3-9474-1A3956D46DE8}") = "CRM", "CRM", "{B6C90F2A-E018-AF2F-3C7C-8D4CE61C2669}"
EndProject
Project("{FAE04EC0-301F-11D3-BF4B-00C04F79EFBC}") = "iERP.Modules.CRM", "src\Modules\CRM\iERP.Modules.CRM\iERP.Modules.CRM.csproj", "{5E2BBBEC-698A-4514-B41D-5C5C7E6A7D58}"
EndProject
Project("{2150E333-8FDC-42A3-9474-1A3956D46DE8}") = "Engines", "Engines", "{DE009CBE-400D-B608-1770-ECB9295E05CD}"
EndProject
Project("{FAE04EC0-301F-11D3-BF4B-00C04F79EFBC}") = "iERP.Modules.Engines", "src\Modules\Engines\iERP.Modules.Engines\iERP.Modules.Engines.csproj", "{E1F28234-309C-41F7-9CE0-7AE3D5066B71}"
EndProject
Project("{2150E333-8FDC-42A3-9474-1A3956D46DE8}") = "Finance", "Finance", "{6FEA55CD-9038-3367-F52F-2FD77CF71706}"
EndProject
Project("{FAE04EC0-301F-11D3-BF4B-00C04F79EFBC}") = "iERP.Modules.Finance", "src\Modules\Finance\iERP.Modules.Finance\iERP.Modules.Finance.csproj", "{2BA484A5-D285-449E-A889-04ABE612220D}"
EndProject
Project("{2150E333-8FDC-42A3-9474-1A3956D46DE8}") = "HR", "HR", "{6EBCFD33-7D2C-6F0C-B60B-6B70B57F5713}"
EndProject
Project("{FAE04EC0-301F-11D3-BF4B-00C04F79EFBC}") = "iERP.Modules.HR", "src\Modules\HR\iERP.Modules.HR\iERP.Modules.HR.csproj", "{88743DBC-37D7-46AF-8163-E20B0102C037}"
EndProject
Project("{2150E333-8FDC-42A3-9474-1A3956D46DE8}") = "Inventory", "Inventory", "{18C073E0-6CB1-4693-3636-BFEE619A6192}"
EndProject
Project("{FAE04EC0-301F-11D3-BF4B-00C04F79EFBC}") = "iERP.Modules.Inventory", "src\Modules\Inventory\iERP.Modules.Inventory\iERP.Modules.Inventory.csproj", "{5D8F5F28-2515-4404-93AD-26F7FA9D9742}"
EndProject
Project("{2150E333-8FDC-42A3-9474-1A3956D46DE8}") = "Manufacturing", "Manufacturing", "{00CCF896-AD85-9E46-4514-493EF2F07BF6}"
EndProject
Project("{FAE04EC0-301F-11D3-BF4B-00C04F79EFBC}") = "iERP.Modules.Manufacturing", "src\Modules\Manufacturing\iERP.Modules.Manufacturing\iERP.Modules.Manufacturing.csproj", "{2597C100-0EA5-4224-B1EE-67FC302FB586}"
EndProject
Project("{2150E333-8FDC-42A3-9474-1A3956D46DE8}") = "Marine", "Marine", "{4340650C-7324-3CA9-2F99-114566EED2B7}"
EndProject
Project("{FAE04EC0-301F-11D3-BF4B-00C04F79EFBC}") = "iERP.Modules.Marine", "src\Modules\Marine\iERP.Modules.Marine\iERP.Modules.Marine.csproj", "{990C480E-3552-4380-ABA9-B1FE39547CAA}"
EndProject
Project("{2150E333-8FDC-42A3-9474-1A3956D46DE8}") = "Platform", "Platform", "{9A7A7B35-1930-94AB-6B80-4A89F89E5FE9}"
EndProject
Project("{FAE04EC0-301F-11D3-BF4B-00C04F79EFBC}") = "iERP.Modules.Platform", "src\Modules\Platform\iERP.Modules.Platform\iERP.Modules.Platform.csproj", "{2992EC80-D9E9-4F7B-B740-B8E053B4F581}"
EndProject
Project("{2150E333-8FDC-42A3-9474-1A3956D46DE8}") = "Procurement", "Procurement", "{4DA9DB7A-67F1-E1C4-D87F-47B852D6C0B5}"
EndProject
Project("{FAE04EC0-301F-11D3-BF4B-00C04F79EFBC}") = "iERP.Modules.Procurement", "src\Modules\Procurement\iERP.Modules.Procurement\iERP.Modules.Procurement.csproj", "{7A5090FE-10F9-4D59-B07E-8F3866519FB2}"
EndProject
Project("{2150E333-8FDC-42A3-9474-1A3956D46DE8}") = "Projects", "Projects", "{DEF05D85-86F1-393F-22F4-9251153583D2}"
EndProject
Project("{FAE04EC0-301F-11D3-BF4B-00C04F79EFBC}") = "iERP.Modules.Projects", "src\Modules\Projects\iERP.Modules.Projects\iERP.Modules.Projects.csproj", "{33777508-F000-4E3E-886F-CE411015EBE4}"
EndProject
Project("{2150E333-8FDC-42A3-9474-1A3956D46DE8}") = "Reporting", "Reporting", "{738763F7-68AC-12DE-A386-1ED9BDE12CF2}"
EndProject
Project("{FAE04EC0-301F-11D3-BF4B-00C04F79EFBC}") = "iERP.Modules.Reporting", "src\Modules\Reporting\iERP.Modules.Reporting\iERP.Modules.Reporting.csproj", "{933F8291-BE5C-4A8D-B777-F4573E87573D}"
EndProject
Project("{2150E333-8FDC-42A3-9474-1A3956D46DE8}") = "Sales", "Sales", "{D2CAED6B-FC59-4178-6320-5EDC21A9F743}"
EndProject
Project("{FAE04EC0-301F-11D3-BF4B-00C04F79EFBC}") = "iERP.Modules.Sales", "src\Modules\Sales\iERP.Modules.Sales\iERP.Modules.Sales.csproj", "{C956FDE3-4640-4B13-9903-51E36704104C}"
EndProject
Project("{2150E333-8FDC-42A3-9474-1A3956D46DE8}") = "tests", "tests", "{0AB3BF05-4346-4AA6-1389-037BE0695223}"
EndProject
Project("{FAE04EC0-301F-11D3-BF4B-00C04F79EFBC}") = "iERP.ArchitectureTests", "tests\iERP.ArchitectureTests\iERP.ArchitectureTests.csproj", "{DC7C6679-6FBD-4F4A-9AFD-280A1279E47F}"
EndProject
Project("{FAE04EC0-301F-11D3-BF4B-00C04F79EFBC}") = "iERP.IntegrationTests", "tests\iERP.IntegrationTests\iERP.IntegrationTests.csproj", "{625646B9-AFA0-4BCD-8AEE-08508C262B31}"
EndProject
Project("{FAE04EC0-301F-11D3-BF4B-00C04F79EFBC}") = "iERP.UnitTests", "tests\iERP.UnitTests\iERP.UnitTests.csproj", "{EB142F58-2807-4C2F-9724-D1011C8F48AD}"
EndProject
Global
	GlobalSection(SolutionConfigurationPlatforms) = preSolution
		Debug|Any CPU = Debug|Any CPU
		Debug|x64 = Debug|x64
		Debug|x86 = Debug|x86
		Release|Any CPU = Release|Any CPU
		Release|x64 = Release|x64
		Release|x86 = Release|x86
	EndGlobalSection
	GlobalSection(ProjectConfigurationPlatforms) = postSolution
		{B0738610-DABD-4B07-A0AB-B65124B3364E}.Debug|Any CPU.ActiveCfg = Debug|Any CPU
		{B0738610-DABD-4B07-A0AB-B65124B3364E}.Debug|Any CPU.Build.0 = Debug|Any CPU
		{B0738610-DABD-4B07-A0AB-B65124B3364E}.Debug|x64.ActiveCfg = Debug|Any CPU
		{B0738610-DABD-4B07-A0AB-B65124B3364E}.Debug|x64.Build.0 = Debug|Any CPU
		{B0738610-DABD-4B07-A0AB-B65124B3364E}.Debug|x86.ActiveCfg = Debug|Any CPU
		{B0738610-DABD-4B07-A0AB-B65124B3364E}.Debug|x86.Build.0 = Debug|Any CPU
		{B0738610-DABD-4B07-A0AB-B65124B3364E}.Release|Any CPU.ActiveCfg = Release|Any CPU
		{B0738610-DABD-4B07-A0AB-B65124B3364E}.Release|Any CPU.Build.0 = Release|Any CPU
		{B0738610-DABD-4B07-A0AB-B65124B3364E}.Release|x64.ActiveCfg = Release|Any CPU
		{B0738610-DABD-4B07-A0AB-B65124B3364E}.Release|x64.Build.0 = Release|Any CPU
		{B0738610-DABD-4B07-A0AB-B65124B3364E}.Release|x86.ActiveCfg = Release|Any CPU
		{B0738610-DABD-4B07-A0AB-B65124B3364E}.Release|x86.Build.0 = Release|Any CPU
		{C21A92ED-1C49-4D20-8992-349A15682958}.Debug|Any CPU.ActiveCfg = Debug|Any CPU
		{C21A92ED-1C49-4D20-8992-349A15682958}.Debug|Any CPU.Build.0 = Debug|Any CPU
		{C21A92ED-1C49-4D20-8992-349A15682958}.Debug|x64.ActiveCfg = Debug|Any CPU
		{C21A92ED-1C49-4D20-8992-349A15682958}.Debug|x64.Build.0 = Debug|Any CPU
		{C21A92ED-1C49-4D20-8992-349A15682958}.Debug|x86.ActiveCfg = Debug|Any CPU
		{C21A92ED-1C49-4D20-8992-349A15682958}.Debug|x86.Build.0 = Debug|Any CPU
		{C21A92ED-1C49-4D20-8992-349A15682958}.Release|Any CPU.ActiveCfg = Release|Any CPU
		{C21A92ED-1C49-4D20-8992-349A15682958}.Release|Any CPU.Build.0 = Release|Any CPU
		{C21A92ED-1C49-4D20-8992-349A15682958}.Release|x64.ActiveCfg = Release|Any CPU
		{C21A92ED-1C49-4D20-8992-349A15682958}.Release|x64.Build.0 = Release|Any CPU
		{C21A92ED-1C49-4D20-8992-349A15682958}.Release|x86.ActiveCfg = Release|Any CPU
		{C21A92ED-1C49-4D20-8992-349A15682958}.Release|x86.Build.0 = Release|Any CPU
		{25017D91-9964-41C3-B995-05AADF21DB96}.Debug|Any CPU.ActiveCfg = Debug|Any CPU
		{25017D91-9964-41C3-B995-05AADF21DB96}.Debug|Any CPU.Build.0 = Debug|Any CPU
		{25017D91-9964-41C3-B995-05AADF21DB96}.Debug|x64.ActiveCfg = Debug|Any CPU
		{25017D91-9964-41C3-B995-05AADF21DB96}.Debug|x64.Build.0 = Debug|Any CPU
		{25017D91-9964-41C3-B995-05AADF21DB96}.Debug|x86.ActiveCfg = Debug|Any CPU
		{25017D91-9964-41C3-B995-05AADF21DB96}.Debug|x86.Build.0 = Debug|Any CPU
		{25017D91-9964-41C3-B995-05AADF21DB96}.Release|Any CPU.ActiveCfg = Release|Any CPU
		{25017D91-9964-41C3-B995-05AADF21DB96}.Release|Any CPU.Build.0 = Release|Any CPU
		{25017D91-9964-41C3-B995-05AADF21DB96}.Release|x64.ActiveCfg = Release|Any CPU
		{25017D91-9964-41C3-B995-05AADF21DB96}.Release|x64.Build.0 = Release|Any CPU
		{25017D91-9964-41C3-B995-05AADF21DB96}.Release|x86.ActiveCfg = Release|Any CPU
		{25017D91-9964-41C3-B995-05AADF21DB96}.Release|x86.Build.0 = Release|Any CPU
		{3E95B5E7-B415-4939-B1DE-699CE46A3FC7}.Debug|Any CPU.ActiveCfg = Debug|Any CPU
		{3E95B5E7-B415-4939-B1DE-699CE46A3FC7}.Debug|Any CPU.Build.0 = Debug|Any CPU
		{3E95B5E7-B415-4939-B1DE-699CE46A3FC7}.Debug|x64.ActiveCfg = Debug|Any CPU
		{3E95B5E7-B415-4939-B1DE-699CE46A3FC7}.Debug|x64.Build.0 = Debug|Any CPU
		{3E95B5E7-B415-4939-B1DE-699CE46A3FC7}.Debug|x86.ActiveCfg = Debug|Any CPU
		{3E95B5E7-B415-4939-B1DE-699CE46A3FC7}.Debug|x86.Build.0 = Debug|Any CPU
		{3E95B5E7-B415-4939-B1DE-699CE46A3FC7}.Release|Any CPU.ActiveCfg = Release|Any CPU
		{3E95B5E7-B415-4939-B1DE-699CE46A3FC7}.Release|Any CPU.Build.0 = Release|Any CPU
		{3E95B5E7-B415-4939-B1DE-699CE46A3FC7}.Release|x64.ActiveCfg = Release|Any CPU
		{3E95B5E7-B415-4939-B1DE-699CE46A3FC7}.Release|x64.Build.0 = Release|Any CPU
		{3E95B5E7-B415-4939-B1DE-699CE46A3FC7}.Release|x86.ActiveCfg = Release|Any CPU
		{3E95B5E7-B415-4939-B1DE-699CE46A3FC7}.Release|x86.Build.0 = Release|Any CPU
		{D078AF9B-F32A-4F7F-9AA3-481A975AC274}.Debug|Any CPU.ActiveCfg = Debug|Any CPU
		{D078AF9B-F32A-4F7F-9AA3-481A975AC274}.Debug|Any CPU.Build.0 = Debug|Any CPU
		{D078AF9B-F32A-4F7F-9AA3-481A975AC274}.Debug|x64.ActiveCfg = Debug|Any CPU
		{D078AF9B-F32A-4F7F-9AA3-481A975AC274}.Debug|x64.Build.0 = Debug|Any CPU
		{D078AF9B-F32A-4F7F-9AA3-481A975AC274}.Debug|x86.ActiveCfg = Debug|Any CPU
		{D078AF9B-F32A-4F7F-9AA3-481A975AC274}.Debug|x86.Build.0 = Debug|Any CPU
		{D078AF9B-F32A-4F7F-9AA3-481A975AC274}.Release|Any CPU.ActiveCfg = Release|Any CPU
		{D078AF9B-F32A-4F7F-9AA3-481A975AC274}.Release|Any CPU.Build.0 = Release|Any CPU
		{D078AF9B-F32A-4F7F-9AA3-481A975AC274}.Release|x64.ActiveCfg = Release|Any CPU
		{D078AF9B-F32A-4F7F-9AA3-481A975AC274}.Release|x64.Build.0 = Release|Any CPU
		{D078AF9B-F32A-4F7F-9AA3-481A975AC274}.Release|x86.ActiveCfg = Release|Any CPU
		{D078AF9B-F32A-4F7F-9AA3-481A975AC274}.Release|x86.Build.0 = Release|Any CPU
		{465384CA-EFE9-4D4D-BFDC-0181F8F4881C}.Debug|Any CPU.ActiveCfg = Debug|Any CPU
		{465384CA-EFE9-4D4D-BFDC-0181F8F4881C}.Debug|Any CPU.Build.0 = Debug|Any CPU
		{465384CA-EFE9-4D4D-BFDC-0181F8F4881C}.Debug|x64.ActiveCfg = Debug|Any CPU
		{465384CA-EFE9-4D4D-BFDC-0181F8F4881C}.Debug|x64.Build.0 = Debug|Any CPU
		{465384CA-EFE9-4D4D-BFDC-0181F8F4881C}.Debug|x86.ActiveCfg = Debug|Any CPU
		{465384CA-EFE9-4D4D-BFDC-0181F8F4881C}.Debug|x86.Build.0 = Debug|Any CPU
		{465384CA-EFE9-4D4D-BFDC-0181F8F4881C}.Release|Any CPU.ActiveCfg = Release|Any CPU
		{465384CA-EFE9-4D4D-BFDC-0181F8F4881C}.Release|Any CPU.Build.0 = Release|Any CPU
		{465384CA-EFE9-4D4D-BFDC-0181F8F4881C}.Release|x64.ActiveCfg = Release|Any CPU
		{465384CA-EFE9-4D4D-BFDC-0181F8F4881C}.Release|x64.Build.0 = Release|Any CPU
		{465384CA-EFE9-4D4D-BFDC-0181F8F4881C}.Release|x86.ActiveCfg = Release|Any CPU
		{465384CA-EFE9-4D4D-BFDC-0181F8F4881C}.Release|x86.Build.0 = Release|Any CPU
		{1A9BA6FA-51D8-4E19-A18B-5AEE754FB1A7}.Debug|Any CPU.ActiveCfg = Debug|Any CPU
		{1A9BA6FA-51D8-4E19-A18B-5AEE754FB1A7}.Debug|Any CPU.Build.0 = Debug|Any CPU
		{1A9BA6FA-51D8-4E19-A18B-5AEE754FB1A7}.Debug|x64.ActiveCfg = Debug|Any CPU
		{1A9BA6FA-51D8-4E19-A18B-5AEE754FB1A7}.Debug|x64.Build.0 = Debug|Any CPU
		{1A9BA6FA-51D8-4E19-A18B-5AEE754FB1A7}.Debug|x86.ActiveCfg = Debug|Any CPU
		{1A9BA6FA-51D8-4E19-A18B-5AEE754FB1A7}.Debug|x86.Build.0 = Debug|Any CPU
		{1A9BA6FA-51D8-4E19-A18B-5AEE754FB1A7}.Release|Any CPU.ActiveCfg = Release|Any CPU
		{1A9BA6FA-51D8-4E19-A18B-5AEE754FB1A7}.Release|Any CPU.Build.0 = Release|Any CPU
		{1A9BA6FA-51D8-4E19-A18B-5AEE754FB1A7}.Release|x64.ActiveCfg = Release|Any CPU
		{1A9BA6FA-51D8-4E19-A18B-5AEE754FB1A7}.Release|x64.Build.0 = Release|Any CPU
		{1A9BA6FA-51D8-4E19-A18B-5AEE754FB1A7}.Release|x86.ActiveCfg = Release|Any CPU
		{1A9BA6FA-51D8-4E19-A18B-5AEE754FB1A7}.Release|x86.Build.0 = Release|Any CPU
		{6B032817-17E2-4A59-ADF3-1126649E9801}.Debug|Any CPU.ActiveCfg = Debug|Any CPU
		{6B032817-17E2-4A59-ADF3-1126649E9801}.Debug|Any CPU.Build.0 = Debug|Any CPU
		{6B032817-17E2-4A59-ADF3-1126649E9801}.Debug|x64.ActiveCfg = Debug|Any CPU
		{6B032817-17E2-4A59-ADF3-1126649E9801}.Debug|x64.Build.0 = Debug|Any CPU
		{6B032817-17E2-4A59-ADF3-1126649E9801}.Debug|x86.ActiveCfg = Debug|Any CPU
		{6B032817-17E2-4A59-ADF3-1126649E9801}.Debug|x86.Build.0 = Debug|Any CPU
		{6B032817-17E2-4A59-ADF3-1126649E9801}.Release|Any CPU.ActiveCfg = Release|Any CPU
		{6B032817-17E2-4A59-ADF3-1126649E9801}.Release|Any CPU.Build.0 = Release|Any CPU
		{6B032817-17E2-4A59-ADF3-1126649E9801}.Release|x64.ActiveCfg = Release|Any CPU
		{6B032817-17E2-4A59-ADF3-1126649E9801}.Release|x64.Build.0 = Release|Any CPU
		{6B032817-17E2-4A59-ADF3-1126649E9801}.Release|x86.ActiveCfg = Release|Any CPU
		{6B032817-17E2-4A59-ADF3-1126649E9801}.Release|x86.Build.0 = Release|Any CPU
		{78DA6370-FC07-4FD2-8117-F0EEC3DFC8EE}.Debug|Any CPU.ActiveCfg = Debug|Any CPU
		{78DA6370-FC07-4FD2-8117-F0EEC3DFC8EE}.Debug|Any CPU.Build.0 = Debug|Any CPU
		{78DA6370-FC07-4FD2-8117-F0EEC3DFC8EE}.Debug|x64.ActiveCfg = Debug|Any CPU
		{78DA6370-FC07-4FD2-8117-F0EEC3DFC8EE}.Debug|x64.Build.0 = Debug|Any CPU
		{78DA6370-FC07-4FD2-8117-F0EEC3DFC8EE}.Debug|x86.ActiveCfg = Debug|Any CPU
		{78DA6370-FC07-4FD2-8117-F0EEC3DFC8EE}.Debug|x86.Build.0 = Debug|Any CPU
		{78DA6370-FC07-4FD2-8117-F0EEC3DFC8EE}.Release|Any CPU.ActiveCfg = Release|Any CPU
		{78DA6370-FC07-4FD2-8117-F0EEC3DFC8EE}.Release|Any CPU.Build.0 = Release|Any CPU
		{78DA6370-FC07-4FD2-8117-F0EEC3DFC8EE}.Release|x64.ActiveCfg = Release|Any CPU
		{78DA6370-FC07-4FD2-8117-F0EEC3DFC8EE}.Release|x64.Build.0 = Release|Any CPU
		{78DA6370-FC07-4FD2-8117-F0EEC3DFC8EE}.Release|x86.ActiveCfg = Release|Any CPU
		{78DA6370-FC07-4FD2-8117-F0EEC3DFC8EE}.Release|x86.Build.0 = Release|Any CPU
		{DD17CFDB-A492-411B-BF5A-0D2173773F94}.Debug|Any CPU.ActiveCfg = Debug|Any CPU
		{DD17CFDB-A492-411B-BF5A-0D2173773F94}.Debug|Any CPU.Build.0 = Debug|Any CPU
		{DD17CFDB-A492-411B-BF5A-0D2173773F94}.Debug|x64.ActiveCfg = Debug|Any CPU
		{DD17CFDB-A492-411B-BF5A-0D2173773F94}.Debug|x64.Build.0 = Debug|Any CPU
		{DD17CFDB-A492-411B-BF5A-0D2173773F94}.Debug|x86.ActiveCfg = Debug|Any CPU
		{DD17CFDB-A492-411B-BF5A-0D2173773F94}.Debug|x86.Build.0 = Debug|Any CPU
		{DD17CFDB-A492-411B-BF5A-0D2173773F94}.Release|Any CPU.ActiveCfg = Release|Any CPU
		{DD17CFDB-A492-411B-BF5A-0D2173773F94}.Release|Any CPU.Build.0 = Release|Any CPU
		{DD17CFDB-A492-411B-BF5A-0D2173773F94}.Release|x64.ActiveCfg = Release|Any CPU
		{DD17CFDB-A492-411B-BF5A-0D2173773F94}.Release|x64.Build.0 = Release|Any CPU
		{DD17CFDB-A492-411B-BF5A-0D2173773F94}.Release|x86.ActiveCfg = Release|Any CPU
		{DD17CFDB-A492-411B-BF5A-0D2173773F94}.Release|x86.Build.0 = Release|Any CPU
		{5E2BBBEC-698A-4514-B41D-5C5C7E6A7D58}.Debug|Any CPU.ActiveCfg = Debug|Any CPU
		{5E2BBBEC-698A-4514-B41D-5C5C7E6A7D58}.Debug|Any CPU.Build.0 = Debug|Any CPU
		{5E2BBBEC-698A-4514-B41D-5C5C7E6A7D58}.Debug|x64.ActiveCfg = Debug|Any CPU
		{5E2BBBEC-698A-4514-B41D-5C5C7E6A7D58}.Debug|x64.Build.0 = Debug|Any CPU
		{5E2BBBEC-698A-4514-B41D-5C5C7E6A7D58}.Debug|x86.ActiveCfg = Debug|Any CPU
		{5E2BBBEC-698A-4514-B41D-5C5C7E6A7D58}.Debug|x86.Build.0 = Debug|Any CPU
		{5E2BBBEC-698A-4514-B41D-5C5C7E6A7D58}.Release|Any CPU.ActiveCfg = Release|Any CPU
		{5E2BBBEC-698A-4514-B41D-5C5C7E6A7D58}.Release|Any CPU.Build.0 = Release|Any CPU
		{5E2BBBEC-698A-4514-B41D-5C5C7E6A7D58}.Release|x64.ActiveCfg = Release|Any CPU
		{5E2BBBEC-698A-4514-B41D-5C5C7E6A7D58}.Release|x64.Build.0 = Release|Any CPU
		{5E2BBBEC-698A-4514-B41D-5C5C7E6A7D58}.Release|x86.ActiveCfg = Release|Any CPU
		{5E2BBBEC-698A-4514-B41D-5C5C7E6A7D58}.Release|x86.Build.0 = Release|Any CPU
		{E1F28234-309C-41F7-9CE0-7AE3D5066B71}.Debug|Any CPU.ActiveCfg = Debug|Any CPU
		{E1F28234-309C-41F7-9CE0-7AE3D5066B71}.Debug|Any CPU.Build.0 = Debug|Any CPU
		{E1F28234-309C-41F7-9CE0-7AE3D5066B71}.Debug|x64.ActiveCfg = Debug|Any CPU
		{E1F28234-309C-41F7-9CE0-7AE3D5066B71}.Debug|x64.Build.0 = Debug|Any CPU
		{E1F28234-309C-41F7-9CE0-7AE3D5066B71}.Debug|x86.ActiveCfg = Debug|Any CPU
		{E1F28234-309C-41F7-9CE0-7AE3D5066B71}.Debug|x86.Build.0 = Debug|Any CPU
		{E1F28234-309C-41F7-9CE0-7AE3D5066B71}.Release|Any CPU.ActiveCfg = Release|Any CPU
		{E1F28234-309C-41F7-9CE0-7AE3D5066B71}.Release|Any CPU.Build.0 = Release|Any CPU
		{E1F28234-309C-41F7-9CE0-7AE3D5066B71}.Release|x64.ActiveCfg = Release|Any CPU
		{E1F28234-309C-41F7-9CE0-7AE3D5066B71}.Release|x64.Build.0 = Release|Any CPU
		{E1F28234-309C-41F7-9CE0-7AE3D5066B71}.Release|x86.ActiveCfg = Release|Any CPU
		{E1F28234-309C-41F7-9CE0-7AE3D5066B71}.Release|x86.Build.0 = Release|Any CPU
		{2BA484A5-D285-449E-A889-04ABE612220D}.Debug|Any CPU.ActiveCfg = Debug|Any CPU
		{2BA484A5-D285-449E-A889-04ABE612220D}.Debug|Any CPU.Build.0 = Debug|Any CPU
		{2BA484A5-D285-449E-A889-04ABE612220D}.Debug|x64.ActiveCfg = Debug|Any CPU
		{2BA484A5-D285-449E-A889-04ABE612220D}.Debug|x64.Build.0 = Debug|Any CPU
		{2BA484A5-D285-449E-A889-04ABE612220D}.Debug|x86.ActiveCfg = Debug|Any CPU
		{2BA484A5-D285-449E-A889-04ABE612220D}.Debug|x86.Build.0 = Debug|Any CPU
		{2BA484A5-D285-449E-A889-04ABE612220D}.Release|Any CPU.ActiveCfg = Release|Any CPU
		{2BA484A5-D285-449E-A889-04ABE612220D}.Release|Any CPU.Build.0 = Release|Any CPU
		{2BA484A5-D285-449E-A889-04ABE612220D}.Release|x64.ActiveCfg = Release|Any CPU
		{2BA484A5-D285-449E-A889-04ABE612220D}.Release|x64.Build.0 = Release|Any CPU
		{2BA484A5-D285-449E-A889-04ABE612220D}.Release|x86.ActiveCfg = Release|Any CPU
		{2BA484A5-D285-449E-A889-04ABE612220D}.Release|x86.Build.0 = Release|Any CPU
		{88743DBC-37D7-46AF-8163-E20B0102C037}.Debug|Any CPU.ActiveCfg = Debug|Any CPU
		{88743DBC-37D7-46AF-8163-E20B0102C037}.Debug|Any CPU.Build.0 = Debug|Any CPU
		{88743DBC-37D7-46AF-8163-E20B0102C037}.Debug|x64.ActiveCfg = Debug|Any CPU
		{88743DBC-37D7-46AF-8163-E20B0102C037}.Debug|x64.Build.0 = Debug|Any CPU
		{88743DBC-37D7-46AF-8163-E20B0102C037}.Debug|x86.ActiveCfg = Debug|Any CPU
		{88743DBC-37D7-46AF-8163-E20B0102C037}.Debug|x86.Build.0 = Debug|Any CPU
		{88743DBC-37D7-46AF-8163-E20B0102C037}.Release|Any CPU.ActiveCfg = Release|Any CPU
		{88743DBC-37D7-46AF-8163-E20B0102C037}.Release|Any CPU.Build.0 = Release|Any CPU
		{88743DBC-37D7-46AF-8163-E20B0102C037}.Release|x64.ActiveCfg = Release|Any CPU
		{88743DBC-37D7-46AF-8163-E20B0102C037}.Release|x64.Build.0 = Release|Any CPU
		{88743DBC-37D7-46AF-8163-E20B0102C037}.Release|x86.ActiveCfg = Release|Any CPU
		{88743DBC-37D7-46AF-8163-E20B0102C037}.Release|x86.Build.0 = Release|Any CPU
		{5D8F5F28-2515-4404-93AD-26F7FA9D9742}.Debug|Any CPU.ActiveCfg = Debug|Any CPU
		{5D8F5F28-2515-4404-93AD-26F7FA9D9742}.Debug|Any CPU.Build.0 = Debug|Any CPU
		{5D8F5F28-2515-4404-93AD-26F7FA9D9742}.Debug|x64.ActiveCfg = Debug|Any CPU
		{5D8F5F28-2515-4404-93AD-26F7FA9D9742}.Debug|x64.Build.0 = Debug|Any CPU
		{5D8F5F28-2515-4404-93AD-26F7FA9D9742}.Debug|x86.ActiveCfg = Debug|Any CPU
		{5D8F5F28-2515-4404-93AD-26F7FA9D9742}.Debug|x86.Build.0 = Debug|Any CPU
		{5D8F5F28-2515-4404-93AD-26F7FA9D9742}.Release|Any CPU.ActiveCfg = Release|Any CPU
		{5D8F5F28-2515-4404-93AD-26F7FA9D9742}.Release|Any CPU.Build.0 = Release|Any CPU
		{5D8F5F28-2515-4404-93AD-26F7FA9D9742}.Release|x64.ActiveCfg = Release|Any CPU
		{5D8F5F28-2515-4404-93AD-26F7FA9D9742}.Release|x64.Build.0 = Release|Any CPU
		{5D8F5F28-2515-4404-93AD-26F7FA9D9742}.Release|x86.ActiveCfg = Release|Any CPU
		{5D8F5F28-2515-4404-93AD-26F7FA9D9742}.Release|x86.Build.0 = Release|Any CPU
		{2597C100-0EA5-4224-B1EE-67FC302FB586}.Debug|Any CPU.ActiveCfg = Debug|Any CPU
		{2597C100-0EA5-4224-B1EE-67FC302FB586}.Debug|Any CPU.Build.0 = Debug|Any CPU
		{2597C100-0EA5-4224-B1EE-67FC302FB586}.Debug|x64.ActiveCfg = Debug|Any CPU
		{2597C100-0EA5-4224-B1EE-67FC302FB586}.Debug|x64.Build.0 = Debug|Any CPU
		{2597C100-0EA5-4224-B1EE-67FC302FB586}.Debug|x86.ActiveCfg = Debug|Any CPU
		{2597C100-0EA5-4224-B1EE-67FC302FB586}.Debug|x86.Build.0 = Debug|Any CPU
		{2597C100-0EA5-4224-B1EE-67FC302FB586}.Release|Any CPU.ActiveCfg = Release|Any CPU
		{2597C100-0EA5-4224-B1EE-67FC302FB586}.Release|Any CPU.Build.0 = Release|Any CPU
		{2597C100-0EA5-4224-B1EE-67FC302FB586}.Release|x64.ActiveCfg = Release|Any CPU
		{2597C100-0EA5-4224-B1EE-67FC302FB586}.Release|x64.Build.0 = Release|Any CPU
		{2597C100-0EA5-4224-B1EE-67FC302FB586}.Release|x86.ActiveCfg = Release|Any CPU
		{2597C100-0EA5-4224-B1EE-67FC302FB586}.Release|x86.Build.0 = Release|Any CPU
		{990C480E-3552-4380-ABA9-B1FE39547CAA}.Debug|Any CPU.ActiveCfg = Debug|Any CPU
		{990C480E-3552-4380-ABA9-B1FE39547CAA}.Debug|Any CPU.Build.0 = Debug|Any CPU
		{990C480E-3552-4380-ABA9-B1FE39547CAA}.Debug|x64.ActiveCfg = Debug|Any CPU
		{990C480E-3552-4380-ABA9-B1FE39547CAA}.Debug|x64.Build.0 = Debug|Any CPU
		{990C480E-3552-4380-ABA9-B1FE39547CAA}.Debug|x86.ActiveCfg = Debug|Any CPU
		{990C480E-3552-4380-ABA9-B1FE39547CAA}.Debug|x86.Build.0 = Debug|Any CPU
		{990C480E-3552-4380-ABA9-B1FE39547CAA}.Release|Any CPU.ActiveCfg = Release|Any CPU
		{990C480E-3552-4380-ABA9-B1FE39547CAA}.Release|Any CPU.Build.0 = Release|Any CPU
		{990C480E-3552-4380-ABA9-B1FE39547CAA}.Release|x64.ActiveCfg = Release|Any CPU
		{990C480E-3552-4380-ABA9-B1FE39547CAA}.Release|x64.Build.0 = Release|Any CPU
		{990C480E-3552-4380-ABA9-B1FE39547CAA}.Release|x86.ActiveCfg = Release|Any CPU
		{990C480E-3552-4380-ABA9-B1FE39547CAA}.Release|x86.Build.0 = Release|Any CPU
		{2992EC80-D9E9-4F7B-B740-B8E053B4F581}.Debug|Any CPU.ActiveCfg = Debug|Any CPU
		{2992EC80-D9E9-4F7B-B740-B8E053B4F581}.Debug|Any CPU.Build.0 = Debug|Any CPU
		{2992EC80-D9E9-4F7B-B740-B8E053B4F581}.Debug|x64.ActiveCfg = Debug|Any CPU
		{2992EC80-D9E9-4F7B-B740-B8E053B4F581}.Debug|x64.Build.0 = Debug|Any CPU
		{2992EC80-D9E9-4F7B-B740-B8E053B4F581}.Debug|x86.ActiveCfg = Debug|Any CPU
		{2992EC80-D9E9-4F7B-B740-B8E053B4F581}.Debug|x86.Build.0 = Debug|Any CPU
		{2992EC80-D9E9-4F7B-B740-B8E053B4F581}.Release|Any CPU.ActiveCfg = Release|Any CPU
		{2992EC80-D9E9-4F7B-B740-B8E053B4F581}.Release|Any CPU.Build.0 = Release|Any CPU
		{2992EC80-D9E9-4F7B-B740-B8E053B4F581}.Release|x64.ActiveCfg = Release|Any CPU
		{2992EC80-D9E9-4F7B-B740-B8E053B4F581}.Release|x64.Build.0 = Release|Any CPU
		{2992EC80-D9E9-4F7B-B740-B8E053B4F581}.Release|x86.ActiveCfg = Release|Any CPU
		{2992EC80-D9E9-4F7B-B740-B8E053B4F581}.Release|x86.Build.0 = Release|Any CPU
		{7A5090FE-10F9-4D59-B07E-8F3866519FB2}.Debug|Any CPU.ActiveCfg = Debug|Any CPU
		{7A5090FE-10F9-4D59-B07E-8F3866519FB2}.Debug|Any CPU.Build.0 = Debug|Any CPU
		{7A5090FE-10F9-4D59-B07E-8F3866519FB2}.Debug|x64.ActiveCfg = Debug|Any CPU
		{7A5090FE-10F9-4D59-B07E-8F3866519FB2}.Debug|x64.Build.0 = Debug|Any CPU
		{7A5090FE-10F9-4D59-B07E-8F3866519FB2}.Debug|x86.ActiveCfg = Debug|Any CPU
		{7A5090FE-10F9-4D59-B07E-8F3866519FB2}.Debug|x86.Build.0 = Debug|Any CPU
		{7A5090FE-10F9-4D59-B07E-8F3866519FB2}.Release|Any CPU.ActiveCfg = Release|Any CPU
		{7A5090FE-10F9-4D59-B07E-8F3866519FB2}.Release|Any CPU.Build.0 = Release|Any CPU
		{7A5090FE-10F9-4D59-B07E-8F3866519FB2}.Release|x64.ActiveCfg = Release|Any CPU
		{7A5090FE-10F9-4D59-B07E-8F3866519FB2}.Release|x64.Build.0 = Release|Any CPU
		{7A5090FE-10F9-4D59-B07E-8F3866519FB2}.Release|x86.ActiveCfg = Release|Any CPU
		{7A5090FE-10F9-4D59-B07E-8F3866519FB2}.Release|x86.Build.0 = Release|Any CPU
		{33777508-F000-4E3E-886F-CE411015EBE4}.Debug|Any CPU.ActiveCfg = Debug|Any CPU
		{33777508-F000-4E3E-886F-CE411015EBE4}.Debug|Any CPU.Build.0 = Debug|Any CPU
		{33777508-F000-4E3E-886F-CE411015EBE4}.Debug|x64.ActiveCfg = Debug|Any CPU
		{33777508-F000-4E3E-886F-CE411015EBE4}.Debug|x64.Build.0 = Debug|Any CPU
		{33777508-F000-4E3E-886F-CE411015EBE4}.Debug|x86.ActiveCfg = Debug|Any CPU
		{33777508-F000-4E3E-886F-CE411015EBE4}.Debug|x86.Build.0 = Debug|Any CPU
		{33777508-F000-4E3E-886F-CE411015EBE4}.Release|Any CPU.ActiveCfg = Release|Any CPU
		{33777508-F000-4E3E-886F-CE411015EBE4}.Release|Any CPU.Build.0 = Release|Any CPU
		{33777508-F000-4E3E-886F-CE411015EBE4}.Release|x64.ActiveCfg = Release|Any CPU
		{33777508-F000-4E3E-886F-CE411015EBE4}.Release|x64.Build.0 = Release|Any CPU
		{33777508-F000-4E3E-886F-CE411015EBE4}.Release|x86.ActiveCfg = Release|Any CPU
		{33777508-F000-4E3E-886F-CE411015EBE4}.Release|x86.Build.0 = Release|Any CPU
		{933F8291-BE5C-4A8D-B777-F4573E87573D}.Debug|Any CPU.ActiveCfg = Debug|Any CPU
		{933F8291-BE5C-4A8D-B777-F4573E87573D}.Debug|Any CPU.Build.0 = Debug|Any CPU
		{933F8291-BE5C-4A8D-B777-F4573E87573D}.Debug|x64.ActiveCfg = Debug|Any CPU
		{933F8291-BE5C-4A8D-B777-F4573E87573D}.Debug|x64.Build.0 = Debug|Any CPU
		{933F8291-BE5C-4A8D-B777-F4573E87573D}.Debug|x86.ActiveCfg = Debug|Any CPU
		{933F8291-BE5C-4A8D-B777-F4573E87573D}.Debug|x86.Build.0 = Debug|Any CPU
		{933F8291-BE5C-4A8D-B777-F4573E87573D}.Release|Any CPU.ActiveCfg = Release|Any CPU
		{933F8291-BE5C-4A8D-B777-F4573E87573D}.Release|Any CPU.Build.0 = Release|Any CPU
		{933F8291-BE5C-4A8D-B777-F4573E87573D}.Release|x64.ActiveCfg = Release|Any CPU
		{933F8291-BE5C-4A8D-B777-F4573E87573D}.Release|x64.Build.0 = Release|Any CPU
		{933F8291-BE5C-4A8D-B777-F4573E87573D}.Release|x86.ActiveCfg = Release|Any CPU
		{933F8291-BE5C-4A8D-B777-F4573E87573D}.Release|x86.Build.0 = Release|Any CPU
		{C956FDE3-4640-4B13-9903-51E36704104C}.Debug|Any CPU.ActiveCfg = Debug|Any CPU
		{C956FDE3-4640-4B13-9903-51E36704104C}.Debug|Any CPU.Build.0 = Debug|Any CPU
		{C956FDE3-4640-4B13-9903-51E36704104C}.Debug|x64.ActiveCfg = Debug|Any CPU
		{C956FDE3-4640-4B13-9903-51E36704104C}.Debug|x64.Build.0 = Debug|Any CPU
		{C956FDE3-4640-4B13-9903-51E36704104C}.Debug|x86.ActiveCfg = Debug|Any CPU
		{C956FDE3-4640-4B13-9903-51E36704104C}.Debug|x86.Build.0 = Debug|Any CPU
		{C956FDE3-4640-4B13-9903-51E36704104C}.Release|Any CPU.ActiveCfg = Release|Any CPU
		{C956FDE3-4640-4B13-9903-51E36704104C}.Release|Any CPU.Build.0 = Release|Any CPU
		{C956FDE3-4640-4B13-9903-51E36704104C}.Release|x64.ActiveCfg = Release|Any CPU
		{C956FDE3-4640-4B13-9903-51E36704104C}.Release|x64.Build.0 = Release|Any CPU
		{C956FDE3-4640-4B13-9903-51E36704104C}.Release|x86.ActiveCfg = Release|Any CPU
		{C956FDE3-4640-4B13-9903-51E36704104C}.Release|x86.Build.0 = Release|Any CPU
		{DC7C6679-6FBD-4F4A-9AFD-280A1279E47F}.Debug|Any CPU.ActiveCfg = Debug|Any CPU
		{DC7C6679-6FBD-4F4A-9AFD-280A1279E47F}.Debug|Any CPU.Build.0 = Debug|Any CPU
		{DC7C6679-6FBD-4F4A-9AFD-280A1279E47F}.Debug|x64.ActiveCfg = Debug|Any CPU
		{DC7C6679-6FBD-4F4A-9AFD-280A1279E47F}.Debug|x64.Build.0 = Debug|Any CPU
		{DC7C6679-6FBD-4F4A-9AFD-280A1279E47F}.Debug|x86.ActiveCfg = Debug|Any CPU
		{DC7C6679-6FBD-4F4A-9AFD-280A1279E47F}.Debug|x86.Build.0 = Debug|Any CPU
		{DC7C6679-6FBD-4F4A-9AFD-280A1279E47F}.Release|Any CPU.ActiveCfg = Release|Any CPU
		{DC7C6679-6FBD-4F4A-9AFD-280A1279E47F}.Release|Any CPU.Build.0 = Release|Any CPU
		{DC7C6679-6FBD-4F4A-9AFD-280A1279E47F}.Release|x64.ActiveCfg = Release|Any CPU
		{DC7C6679-6FBD-4F4A-9AFD-280A1279E47F}.Release|x64.Build.0 = Release|Any CPU
		{DC7C6679-6FBD-4F4A-9AFD-280A1279E47F}.Release|x86.ActiveCfg = Release|Any CPU
		{DC7C6679-6FBD-4F4A-9AFD-280A1279E47F}.Release|x86.Build.0 = Release|Any CPU
		{625646B9-AFA0-4BCD-8AEE-08508C262B31}.Debug|Any CPU.ActiveCfg = Debug|Any CPU
		{625646B9-AFA0-4BCD-8AEE-08508C262B31}.Debug|Any CPU.Build.0 = Debug|Any CPU
		{625646B9-AFA0-4BCD-8AEE-08508C262B31}.Debug|x64.ActiveCfg = Debug|Any CPU
		{625646B9-AFA0-4BCD-8AEE-08508C262B31}.Debug|x64.Build.0 = Debug|Any CPU
		{625646B9-AFA0-4BCD-8AEE-08508C262B31}.Debug|x86.ActiveCfg = Debug|Any CPU
		{625646B9-AFA0-4BCD-8AEE-08508C262B31}.Debug|x86.Build.0 = Debug|Any CPU
		{625646B9-AFA0-4BCD-8AEE-08508C262B31}.Release|Any CPU.ActiveCfg = Release|Any CPU
		{625646B9-AFA0-4BCD-8AEE-08508C262B31}.Release|Any CPU.Build.0 = Release|Any CPU
		{625646B9-AFA0-4BCD-8AEE-08508C262B31}.Release|x64.ActiveCfg = Release|Any CPU
		{625646B9-AFA0-4BCD-8AEE-08508C262B31}.Release|x64.Build.0 = Release|Any CPU
		{625646B9-AFA0-4BCD-8AEE-08508C262B31}.Release|x86.ActiveCfg = Release|Any CPU
		{625646B9-AFA0-4BCD-8AEE-08508C262B31}.Release|x86.Build.0 = Release|Any CPU
		{EB142F58-2807-4C2F-9724-D1011C8F48AD}.Debug|Any CPU.ActiveCfg = Debug|Any CPU
		{EB142F58-2807-4C2F-9724-D1011C8F48AD}.Debug|Any CPU.Build.0 = Debug|Any CPU
		{EB142F58-2807-4C2F-9724-D1011C8F48AD}.Debug|x64.ActiveCfg = Debug|Any CPU
		{EB142F58-2807-4C2F-9724-D1011C8F48AD}.Debug|x64.Build.0 = Debug|Any CPU
		{EB142F58-2807-4C2F-9724-D1011C8F48AD}.Debug|x86.ActiveCfg = Debug|Any CPU
		{EB142F58-2807-4C2F-9724-D1011C8F48AD}.Debug|x86.Build.0 = Debug|Any CPU
		{EB142F58-2807-4C2F-9724-D1011C8F48AD}.Release|Any CPU.ActiveCfg = Release|Any CPU
		{EB142F58-2807-4C2F-9724-D1011C8F48AD}.Release|Any CPU.Build.0 = Release|Any CPU
		{EB142F58-2807-4C2F-9724-D1011C8F48AD}.Release|x64.ActiveCfg = Release|Any CPU
		{EB142F58-2807-4C2F-9724-D1011C8F48AD}.Release|x64.Build.0 = Release|Any CPU
		{EB142F58-2807-4C2F-9724-D1011C8F48AD}.Release|x86.ActiveCfg = Release|Any CPU
		{EB142F58-2807-4C2F-9724-D1011C8F48AD}.Release|x86.Build.0 = Release|Any CPU
	EndGlobalSection
	GlobalSection(SolutionProperties) = preSolution
		HideSolutionNode = FALSE
	EndGlobalSection
	GlobalSection(NestedProjects) = preSolution
		{90298CBA-BD6F-3A0A-69D5-97CAD7B05E7E} = {827E0CD3-B72D-47B6-A68D-7590B98EB39B}
		{B0738610-DABD-4B07-A0AB-B65124B3364E} = {90298CBA-BD6F-3A0A-69D5-97CAD7B05E7E}
		{C21A92ED-1C49-4D20-8992-349A15682958} = {90298CBA-BD6F-3A0A-69D5-97CAD7B05E7E}
		{25017D91-9964-41C3-B995-05AADF21DB96} = {90298CBA-BD6F-3A0A-69D5-97CAD7B05E7E}
		{3E95B5E7-B415-4939-B1DE-699CE46A3FC7} = {827E0CD3-B72D-47B6-A68D-7590B98EB39B}
		{D078AF9B-F32A-4F7F-9AA3-481A975AC274} = {827E0CD3-B72D-47B6-A68D-7590B98EB39B}
		{465384CA-EFE9-4D4D-BFDC-0181F8F4881C} = {827E0CD3-B72D-47B6-A68D-7590B98EB39B}
		{EC447DCF-ABFA-6E24-52A5-D7FD48A5C558} = {827E0CD3-B72D-47B6-A68D-7590B98EB39B}
		{BB1D8860-8311-E62E-D03C-503AF4A8C141} = {EC447DCF-ABFA-6E24-52A5-D7FD48A5C558}
		{1A9BA6FA-51D8-4E19-A18B-5AEE754FB1A7} = {BB1D8860-8311-E62E-D03C-503AF4A8C141}
		{460CB7B7-C5C9-9675-4379-9D34558060EC} = {EC447DCF-ABFA-6E24-52A5-D7FD48A5C558}
		{6B032817-17E2-4A59-ADF3-1126649E9801} = {460CB7B7-C5C9-9675-4379-9D34558060EC}
		{B97CEE7C-0792-58DB-794B-03C799B98A84} = {EC447DCF-ABFA-6E24-52A5-D7FD48A5C558}
		{78DA6370-FC07-4FD2-8117-F0EEC3DFC8EE} = {B97CEE7C-0792-58DB-794B-03C799B98A84}
		{1E1EF545-4C18-AEE2-B997-7EF431518D3F} = {EC447DCF-ABFA-6E24-52A5-D7FD48A5C558}
		{DD17CFDB-A492-411B-BF5A-0D2173773F94} = {1E1EF545-4C18-AEE2-B997-7EF431518D3F}
		{B6C90F2A-E018-AF2F-3C7C-8D4CE61C2669} = {EC447DCF-ABFA-6E24-52A5-D7FD48A5C558}
		{5E2BBBEC-698A-4514-B41D-5C5C7E6A7D58} = {B6C90F2A-E018-AF2F-3C7C-8D4CE61C2669}
		{DE009CBE-400D-B608-1770-ECB9295E05CD} = {EC447DCF-ABFA-6E24-52A5-D7FD48A5C558}
		{E1F28234-309C-41F7-9CE0-7AE3D5066B71} = {DE009CBE-400D-B608-1770-ECB9295E05CD}
		{6FEA55CD-9038-3367-F52F-2FD77CF71706} = {EC447DCF-ABFA-6E24-52A5-D7FD48A5C558}
		{2BA484A5-D285-449E-A889-04ABE612220D} = {6FEA55CD-9038-3367-F52F-2FD77CF71706}
		{6EBCFD33-7D2C-6F0C-B60B-6B70B57F5713} = {EC447DCF-ABFA-6E24-52A5-D7FD48A5C558}
		{88743DBC-37D7-46AF-8163-E20B0102C037} = {6EBCFD33-7D2C-6F0C-B60B-6B70B57F5713}
		{18C073E0-6CB1-4693-3636-BFEE619A6192} = {EC447DCF-ABFA-6E24-52A5-D7FD48A5C558}
		{5D8F5F28-2515-4404-93AD-26F7FA9D9742} = {18C073E0-6CB1-4693-3636-BFEE619A6192}
		{00CCF896-AD85-9E46-4514-493EF2F07BF6} = {EC447DCF-ABFA-6E24-52A5-D7FD48A5C558}
		{2597C100-0EA5-4224-B1EE-67FC302FB586} = {00CCF896-AD85-9E46-4514-493EF2F07BF6}
		{4340650C-7324-3CA9-2F99-114566EED2B7} = {EC447DCF-ABFA-6E24-52A5-D7FD48A5C558}
		{990C480E-3552-4380-ABA9-B1FE39547CAA} = {4340650C-7324-3CA9-2F99-114566EED2B7}
		{9A7A7B35-1930-94AB-6B80-4A89F89E5FE9} = {EC447DCF-ABFA-6E24-52A5-D7FD48A5C558}
		{2992EC80-D9E9-4F7B-B740-B8E053B4F581} = {9A7A7B35-1930-94AB-6B80-4A89F89E5FE9}
		{4DA9DB7A-67F1-E1C4-D87F-47B852D6C0B5} = {EC447DCF-ABFA-6E24-52A5-D7FD48A5C558}
		{7A5090FE-10F9-4D59-B07E-8F3866519FB2} = {4DA9DB7A-67F1-E1C4-D87F-47B852D6C0B5}
		{DEF05D85-86F1-393F-22F4-9251153583D2} = {EC447DCF-ABFA-6E24-52A5-D7FD48A5C558}
		{33777508-F000-4E3E-886F-CE411015EBE4} = {DEF05D85-86F1-393F-22F4-9251153583D2}
		{738763F7-68AC-12DE-A386-1ED9BDE12CF2} = {EC447DCF-ABFA-6E24-52A5-D7FD48A5C558}
		{933F8291-BE5C-4A8D-B777-F4573E87573D} = {738763F7-68AC-12DE-A386-1ED9BDE12CF2}
		{D2CAED6B-FC59-4178-6320-5EDC21A9F743} = {EC447DCF-ABFA-6E24-52A5-D7FD48A5C558}
		{C956FDE3-4640-4B13-9903-51E36704104C} = {D2CAED6B-FC59-4178-6320-5EDC21A9F743}
		{DC7C6679-6FBD-4F4A-9AFD-280A1279E47F} = {0AB3BF05-4346-4AA6-1389-037BE0695223}
		{625646B9-AFA0-4BCD-8AEE-08508C262B31} = {0AB3BF05-4346-4AA6-1389-037BE0695223}
		{EB142F58-2807-4C2F-9724-D1011C8F48AD} = {0AB3BF05-4346-4AA6-1389-037BE0695223}
	EndGlobalSection
EndGlobal
